
Microsoft Visual Studio Solution File, Format Version 12.00
# Visual Studio Version 17
VisualStudioVersion = 17.9.34607.119
MinimumVisualStudioVersion = 10.0.40219.1
Project("{FAE04EC0-301F-11D3-BF4B-00C04F79EFBC}") = "walletonway", "walletonway\walletonway.csproj", "{DD2F59DE-152E-4C42-9918-FEA635A610F9}"
EndProject
Global
	GlobalSection(SolutionConfigurationPlatforms) = preSolution
		Debug|Any CPU = Debug|Any CPU
		Release|Any CPU = Release|Any CPU
	EndGlobalSection
	GlobalSection(ProjectConfigurationPlatforms) = postSolution
		{DD2F59DE-152E-4C42-9918-FEA635A610F9}.Debug|Any CPU.ActiveCfg = Debug|Any CPU
		{DD2F59DE-152E-4C42-9918-FEA635A610F9}.Debug|Any CPU.Build.0 = Debug|Any CPU
		{DD2F59DE-152E-4C42-9918-FEA635A610F9}.Release|Any CPU.ActiveCfg = Release|Any CPU
		{DD2F59DE-152E-4C42-9918-FEA635A610F9}.Release|Any CPU.Build.0 = Release|Any CPU
	EndGlobalSection
	GlobalSection(SolutionProperties) = preSolution
		HideSolutionNode = FALSE
	EndGlobalSection
	GlobalSection(ExtensibilityGlobals) = postSolution
		SolutionGuid = {73C78CF6-8680-47AA-853E-8A922F53F1FE}
	EndGlobalSection
EndGlobal
